
Microsoft Visual Studio Solution File, Format Version 12.00
# Visual Studio 15
VisualStudioVersion = 15.0.28307.779
MinimumVisualStudioVersion = 10.0.40219.1
Project("{FAE04EC0-301F-11D3-BF4B-00C04F79EFBC}") = "LoongEgg", "LoongEgg\LoongEgg.csproj", "{1DAD77BE-1B04-4AE8-A8AB-D4FFD9574036}"
EndProject
Global
	GlobalSection(SolutionConfigurationPlatforms) = preSolution
		Debug|Any CPU = Debug|Any CPU
		Release|Any CPU = Release|Any CPU
	EndGlobalSection
	GlobalSection(ProjectConfigurationPlatforms) = postSolution
		{1DAD77BE-1B04-4AE8-A8AB-D4FFD9574036}.Debug|Any CPU.ActiveCfg = Debug|Any CPU
		{1DAD77BE-1B04-4AE8-A8AB-D4FFD9574036}.Debug|Any CPU.Build.0 = Debug|Any CPU
		{1DAD77BE-1B04-4AE8-A8AB-D4FFD9574036}.Release|Any CPU.ActiveCfg = Release|Any CPU
		{1DAD77BE-1B04-4AE8-A8AB-D4FFD9574036}.Release|Any CPU.Build.0 = Release|Any CPU
	EndGlobalSection
	GlobalSection(SolutionProperties) = preSolution
		HideSolutionNode = FALSE
	EndGlobalSection
	GlobalSection(ExtensibilityGlobals) = postSolution
		SolutionGuid = {1F13A04E-EC8D-4052-BBE8-1806C06D8FF3}
	EndGlobalSection
EndGlobal
