
Microsoft Visual Studio Solution File, Format Version 12.00
# Visual Studio 15
VisualStudioVersion = 15.0.28307.779
MinimumVisualStudioVersion = 10.0.40219.1
Project("{FAE04EC0-301F-11D3-BF4B-00C04F79EFBC}") = "LoongEgg.BindingAndMVVM", "LoongEgg.BindingAndMVVM\LoongEgg.BindingAndMVVM.csproj", "{EF24DFDF-644B-4F14-97DC-FB41940FADD5}"
EndProject
Project("{FAE04EC0-301F-11D3-BF4B-00C04F79EFBC}") = "LoongEgg.Presentation.Core", "LoongEgg.Presentation.Core\LoongEgg.Presentation.Core.csproj", "{7D5907E0-4936-4FA4-AD2F-ECC791ADB6DB}"
EndProject
Project("{2150E333-8FDC-42A3-9474-1A3956D46DE8}") = "Demo", "Demo", "{09297441-98C5-457B-9132-4BF46FA3D20A}"
EndProject
Project("{FAE04EC0-301F-11D3-BF4B-00C04F79EFBC}") = "LoongEgg.Presentation.Demo", "LoongEgg.Presentation.Demo\LoongEgg.Presentation.Demo.csproj", "{7B93E08C-0375-4B48-BE3E-36007C3A2E95}"
EndProject
Project("{FAE04EC0-301F-11D3-BF4B-00C04F79EFBC}") = "LoongEgg", "LoongEgg\LoongEgg.csproj", "{1DAD77BE-1B04-4AE8-A8AB-D4FFD9574036}"
EndProject
Project("{2150E333-8FDC-42A3-9474-1A3956D46DE8}") = "Application", "Application", "{4E2A07A2-05FC-4FB7-B2F9-DC5254C9B167}"
EndProject
Project("{FAE04EC0-301F-11D3-BF4B-00C04F79EFBC}") = "LoongEgg.MouseKeyHook", "LoongEgg.MouseKeyHook\LoongEgg.MouseKeyHook.csproj", "{ED40BD45-A2BA-4739-B596-056508E31371}"
EndProject
Project("{FAE04EC0-301F-11D3-BF4B-00C04F79EFBC}") = "LoongEgg.MouseKeyHook.Tests", "LoongEgg.MouseKeyHook.Tests\LoongEgg.MouseKeyHook.Tests.csproj", "{F5D4C97E-79C0-4152-852C-41526E1DC76C}"
EndProject
Project("{FAE04EC0-301F-11D3-BF4B-00C04F79EFBC}") = "LoongEgg.Presentation.Styles", "LoongEgg.Presentation.Styles\LoongEgg.Presentation.Styles.csproj", "{78EAC98F-5DE9-4538-B741-2A4BA18800B7}"
EndProject
Project("{FAE04EC0-301F-11D3-BF4B-00C04F79EFBC}") = "LoongEgg.Presentation.Controls", "LoongEgg.Presentation.Controls\LoongEgg.Presentation.Controls.csproj", "{F2FAD4EA-F77F-4617-9332-D04C5F39D71F}"
EndProject
Project("{2150E333-8FDC-42A3-9474-1A3956D46DE8}") = "Common", "Common", "{9D4FD69F-B0C1-44D5-A375-165FB458EC26}"
EndProject
Project("{FAE04EC0-301F-11D3-BF4B-00C04F79EFBC}") = "LoongEgg.KeyboardIndicator", "LoongEgg.KeyboardIndicator\LoongEgg.KeyboardIndicator.csproj", "{08D0671D-D5E6-4A3E-9104-59B6ADE532D9}"
EndProject
Project("{2150E333-8FDC-42A3-9474-1A3956D46DE8}") = "KeyboardHook_Preview", "KeyboardHook_Preview", "{90F91B89-D04F-48AF-934F-CCECE17667FA}"
EndProject
Global
	GlobalSection(SolutionConfigurationPlatforms) = preSolution
		Debug|Any CPU = Debug|Any CPU
		Debug|x86 = Debug|x86
		Release|Any CPU = Release|Any CPU
		Release|x86 = Release|x86
	EndGlobalSection
	GlobalSection(ProjectConfigurationPlatforms) = postSolution
		{EF24DFDF-644B-4F14-97DC-FB41940FADD5}.Debug|Any CPU.ActiveCfg = Debug|Any CPU
		{EF24DFDF-644B-4F14-97DC-FB41940FADD5}.Debug|Any CPU.Build.0 = Debug|Any CPU
		{EF24DFDF-644B-4F14-97DC-FB41940FADD5}.Debug|x86.ActiveCfg = Debug|Any CPU
		{EF24DFDF-644B-4F14-97DC-FB41940FADD5}.Debug|x86.Build.0 = Debug|Any CPU
		{EF24DFDF-644B-4F14-97DC-FB41940FADD5}.Release|Any CPU.ActiveCfg = Release|Any CPU
		{EF24DFDF-644B-4F14-97DC-FB41940FADD5}.Release|Any CPU.Build.0 = Release|Any CPU
		{EF24DFDF-644B-4F14-97DC-FB41940FADD5}.Release|x86.ActiveCfg = Release|Any CPU
		{EF24DFDF-644B-4F14-97DC-FB41940FADD5}.Release|x86.Build.0 = Release|Any CPU
		{7D5907E0-4936-4FA4-AD2F-ECC791ADB6DB}.Debug|Any CPU.ActiveCfg = Debug|Any CPU
		{7D5907E0-4936-4FA4-AD2F-ECC791ADB6DB}.Debug|Any CPU.Build.0 = Debug|Any CPU
		{7D5907E0-4936-4FA4-AD2F-ECC791ADB6DB}.Debug|x86.ActiveCfg = Debug|Any CPU
		{7D5907E0-4936-4FA4-AD2F-ECC791ADB6DB}.Debug|x86.Build.0 = Debug|Any CPU
		{7D5907E0-4936-4FA4-AD2F-ECC791ADB6DB}.Release|Any CPU.ActiveCfg = Release|Any CPU
		{7D5907E0-4936-4FA4-AD2F-ECC791ADB6DB}.Release|Any CPU.Build.0 = Release|Any CPU
		{7D5907E0-4936-4FA4-AD2F-ECC791ADB6DB}.Release|x86.ActiveCfg = Release|Any CPU
		{7D5907E0-4936-4FA4-AD2F-ECC791ADB6DB}.Release|x86.Build.0 = Release|Any CPU
		{7B93E08C-0375-4B48-BE3E-36007C3A2E95}.Debug|Any CPU.ActiveCfg = Debug|Any CPU
		{7B93E08C-0375-4B48-BE3E-36007C3A2E95}.Debug|Any CPU.Build.0 = Debug|Any CPU
		{7B93E08C-0375-4B48-BE3E-36007C3A2E95}.Debug|x86.ActiveCfg = Debug|Any CPU
		{7B93E08C-0375-4B48-BE3E-36007C3A2E95}.Debug|x86.Build.0 = Debug|Any CPU
		{7B93E08C-0375-4B48-BE3E-36007C3A2E95}.Release|Any CPU.ActiveCfg = Release|Any CPU
		{7B93E08C-0375-4B48-BE3E-36007C3A2E95}.Release|Any CPU.Build.0 = Release|Any CPU
		{7B93E08C-0375-4B48-BE3E-36007C3A2E95}.Release|x86.ActiveCfg = Release|Any CPU
		{7B93E08C-0375-4B48-BE3E-36007C3A2E95}.Release|x86.Build.0 = Release|Any CPU
		{1DAD77BE-1B04-4AE8-A8AB-D4FFD9574036}.Debug|Any CPU.ActiveCfg = Debug|Any CPU
		{1DAD77BE-1B04-4AE8-A8AB-D4FFD9574036}.Debug|Any CPU.Build.0 = Debug|Any CPU
		{1DAD77BE-1B04-4AE8-A8AB-D4FFD9574036}.Debug|x86.ActiveCfg = Debug|Any CPU
		{1DAD77BE-1B04-4AE8-A8AB-D4FFD9574036}.Debug|x86.Build.0 = Debug|Any CPU
		{1DAD77BE-1B04-4AE8-A8AB-D4FFD9574036}.Release|Any CPU.ActiveCfg = Release|Any CPU
		{1DAD77BE-1B04-4AE8-A8AB-D4FFD9574036}.Release|Any CPU.Build.0 = Release|Any CPU
		{1DAD77BE-1B04-4AE8-A8AB-D4FFD9574036}.Release|x86.ActiveCfg = Release|Any CPU
		{1DAD77BE-1B04-4AE8-A8AB-D4FFD9574036}.Release|x86.Build.0 = Release|Any CPU
		{ED40BD45-A2BA-4739-B596-056508E31371}.Debug|Any CPU.ActiveCfg = Debug|Any CPU
		{ED40BD45-A2BA-4739-B596-056508E31371}.Debug|Any CPU.Build.0 = Debug|Any CPU
		{ED40BD45-A2BA-4739-B596-056508E31371}.Debug|x86.ActiveCfg = Debug|Any CPU
		{ED40BD45-A2BA-4739-B596-056508E31371}.Debug|x86.Build.0 = Debug|Any CPU
		{ED40BD45-A2BA-4739-B596-056508E31371}.Release|Any CPU.ActiveCfg = Release|Any CPU
		{ED40BD45-A2BA-4739-B596-056508E31371}.Release|Any CPU.Build.0 = Release|Any CPU
		{ED40BD45-A2BA-4739-B596-056508E31371}.Release|x86.ActiveCfg = Release|Any CPU
		{ED40BD45-A2BA-4739-B596-056508E31371}.Release|x86.Build.0 = Release|Any CPU
		{F5D4C97E-79C0-4152-852C-41526E1DC76C}.Debug|Any CPU.ActiveCfg = Debug|Any CPU
		{F5D4C97E-79C0-4152-852C-41526E1DC76C}.Debug|Any CPU.Build.0 = Debug|Any CPU
		{F5D4C97E-79C0-4152-852C-41526E1DC76C}.Debug|x86.ActiveCfg = Debug|Any CPU
		{F5D4C97E-79C0-4152-852C-41526E1DC76C}.Debug|x86.Build.0 = Debug|Any CPU
		{F5D4C97E-79C0-4152-852C-41526E1DC76C}.Release|Any CPU.ActiveCfg = Release|Any CPU
		{F5D4C97E-79C0-4152-852C-41526E1DC76C}.Release|Any CPU.Build.0 = Release|Any CPU
		{F5D4C97E-79C0-4152-852C-41526E1DC76C}.Release|x86.ActiveCfg = Release|Any CPU
		{F5D4C97E-79C0-4152-852C-41526E1DC76C}.Release|x86.Build.0 = Release|Any CPU
		{78EAC98F-5DE9-4538-B741-2A4BA18800B7}.Debug|Any CPU.ActiveCfg = Debug|Any CPU
		{78EAC98F-5DE9-4538-B741-2A4BA18800B7}.Debug|Any CPU.Build.0 = Debug|Any CPU
		{78EAC98F-5DE9-4538-B741-2A4BA18800B7}.Debug|x86.ActiveCfg = Debug|Any CPU
		{78EAC98F-5DE9-4538-B741-2A4BA18800B7}.Debug|x86.Build.0 = Debug|Any CPU
		{78EAC98F-5DE9-4538-B741-2A4BA18800B7}.Release|Any CPU.ActiveCfg = Release|Any CPU
		{78EAC98F-5DE9-4538-B741-2A4BA18800B7}.Release|Any CPU.Build.0 = Release|Any CPU
		{78EAC98F-5DE9-4538-B741-2A4BA18800B7}.Release|x86.ActiveCfg = Release|Any CPU
		{78EAC98F-5DE9-4538-B741-2A4BA18800B7}.Release|x86.Build.0 = Release|Any CPU
		{F2FAD4EA-F77F-4617-9332-D04C5F39D71F}.Debug|Any CPU.ActiveCfg = Debug|Any CPU
		{F2FAD4EA-F77F-4617-9332-D04C5F39D71F}.Debug|Any CPU.Build.0 = Debug|Any CPU
		{F2FAD4EA-F77F-4617-9332-D04C5F39D71F}.Debug|x86.ActiveCfg = Debug|Any CPU
		{F2FAD4EA-F77F-4617-9332-D04C5F39D71F}.Debug|x86.Build.0 = Debug|Any CPU
		{F2FAD4EA-F77F-4617-9332-D04C5F39D71F}.Release|Any CPU.ActiveCfg = Release|Any CPU
		{F2FAD4EA-F77F-4617-9332-D04C5F39D71F}.Release|Any CPU.Build.0 = Release|Any CPU
		{F2FAD4EA-F77F-4617-9332-D04C5F39D71F}.Release|x86.ActiveCfg = Release|Any CPU
		{F2FAD4EA-F77F-4617-9332-D04C5F39D71F}.Release|x86.Build.0 = Release|Any CPU
		{08D0671D-D5E6-4A3E-9104-59B6ADE532D9}.Debug|Any CPU.ActiveCfg = Debug|Any CPU
		{08D0671D-D5E6-4A3E-9104-59B6ADE532D9}.Debug|Any CPU.Build.0 = Debug|Any CPU
		{08D0671D-D5E6-4A3E-9104-59B6ADE532D9}.Debug|x86.ActiveCfg = Debug|Any CPU
		{08D0671D-D5E6-4A3E-9104-59B6ADE532D9}.Debug|x86.Build.0 = Debug|Any CPU
		{08D0671D-D5E6-4A3E-9104-59B6ADE532D9}.Release|Any CPU.ActiveCfg = Release|Any CPU
		{08D0671D-D5E6-4A3E-9104-59B6ADE532D9}.Release|Any CPU.Build.0 = Release|Any CPU
		{08D0671D-D5E6-4A3E-9104-59B6ADE532D9}.Release|x86.ActiveCfg = Release|Any CPU
		{08D0671D-D5E6-4A3E-9104-59B6ADE532D9}.Release|x86.Build.0 = Release|Any CPU
	EndGlobalSection
	GlobalSection(SolutionProperties) = preSolution
		HideSolutionNode = FALSE
	EndGlobalSection
	GlobalSection(NestedProjects) = preSolution
		{7D5907E0-4936-4FA4-AD2F-ECC791ADB6DB} = {9D4FD69F-B0C1-44D5-A375-165FB458EC26}
		{7B93E08C-0375-4B48-BE3E-36007C3A2E95} = {09297441-98C5-457B-9132-4BF46FA3D20A}
		{1DAD77BE-1B04-4AE8-A8AB-D4FFD9574036} = {90F91B89-D04F-48AF-934F-CCECE17667FA}
		{ED40BD45-A2BA-4739-B596-056508E31371} = {90F91B89-D04F-48AF-934F-CCECE17667FA}
		{F5D4C97E-79C0-4152-852C-41526E1DC76C} = {90F91B89-D04F-48AF-934F-CCECE17667FA}
		{78EAC98F-5DE9-4538-B741-2A4BA18800B7} = {9D4FD69F-B0C1-44D5-A375-165FB458EC26}
		{F2FAD4EA-F77F-4617-9332-D04C5F39D71F} = {9D4FD69F-B0C1-44D5-A375-165FB458EC26}
		{08D0671D-D5E6-4A3E-9104-59B6ADE532D9} = {09297441-98C5-457B-9132-4BF46FA3D20A}
	EndGlobalSection
	GlobalSection(ExtensibilityGlobals) = postSolution
		SolutionGuid = {1F13A04E-EC8D-4052-BBE8-1806C06D8FF3}
	EndGlobalSection
EndGlobal
